
Microsoft Visual Studio Solution File, Format Version 12.00
# Visual Studio Version 16
VisualStudioVersion = 16.0.32901.82
MinimumVisualStudioVersion = 10.0.40219.1
Project("{FAE04EC0-301F-11D3-BF4B-00C04F79EFBC}") = "usermaintance_", "usermaintance_\usermaintance_.csproj", "{3BBA3CAD-25C8-4C4D-AC13-A4D211549F7F}"
EndProject
Global
	GlobalSection(SolutionConfigurationPlatforms) = preSolution
		Debug|Any CPU = Debug|Any CPU
		Release|Any CPU = Release|Any CPU
	EndGlobalSection
	GlobalSection(ProjectConfigurationPlatforms) = postSolution
		{3BBA3CAD-25C8-4C4D-AC13-A4D211549F7F}.Debug|Any CPU.ActiveCfg = Debug|Any CPU
		{3BBA3CAD-25C8-4C4D-AC13-A4D211549F7F}.Debug|Any CPU.Build.0 = Debug|Any CPU
		{3BBA3CAD-25C8-4C4D-AC13-A4D211549F7F}.Release|Any CPU.ActiveCfg = Release|Any CPU
		{3BBA3CAD-25C8-4C4D-AC13-A4D211549F7F}.Release|Any CPU.Build.0 = Release|Any CPU
	EndGlobalSection
	GlobalSection(SolutionProperties) = preSolution
		HideSolutionNode = FALSE
	EndGlobalSection
	GlobalSection(ExtensibilityGlobals) = postSolution
		SolutionGuid = {2B45F4FA-97E3-4EBD-BBB5-44C7B3718760}
	EndGlobalSection
EndGlobal
