
Microsoft Visual Studio Solution File, Format Version 12.00
# Visual Studio Version 16
VisualStudioVersion = 16.0.32901.82
MinimumVisualStudioVersion = 10.0.40219.1
Project("{FAE04EC0-301F-11D3-BF4B-00C04F79EFBC}") = "UserMaintance", "UserMaintance\UserMaintance.csproj", "{A85B62C0-833E-45EA-AD56-A7B08EEA5E10}"
EndProject
Global
	GlobalSection(SolutionConfigurationPlatforms) = preSolution
		Debug|Any CPU = Debug|Any CPU
		Release|Any CPU = Release|Any CPU
	EndGlobalSection
	GlobalSection(ProjectConfigurationPlatforms) = postSolution
		{A85B62C0-833E-45EA-AD56-A7B08EEA5E10}.Debug|Any CPU.ActiveCfg = Debug|Any CPU
		{A85B62C0-833E-45EA-AD56-A7B08EEA5E10}.Debug|Any CPU.Build.0 = Debug|Any CPU
		{A85B62C0-833E-45EA-AD56-A7B08EEA5E10}.Release|Any CPU.ActiveCfg = Release|Any CPU
		{A85B62C0-833E-45EA-AD56-A7B08EEA5E10}.Release|Any CPU.Build.0 = Release|Any CPU
	EndGlobalSection
	GlobalSection(SolutionProperties) = preSolution
		HideSolutionNode = FALSE
	EndGlobalSection
	GlobalSection(ExtensibilityGlobals) = postSolution
		SolutionGuid = {D98EDE9E-D0AA-4663-A388-D2AEAB21E68C}
	EndGlobalSection
EndGlobal
