
Microsoft Visual Studio Solution File, Format Version 12.00
# Visual Studio Version 16
VisualStudioVersion = 16.0.31424.327
MinimumVisualStudioVersion = 10.0.40219.1
Project("{FAE04EC0-301F-11D3-BF4B-00C04F79EFBC}") = "l4o8y2", "l4o8y2\l4o8y2.csproj", "{30647344-5045-4935-B004-F5BA6D94F77A}"
EndProject
Global
	GlobalSection(SolutionConfigurationPlatforms) = preSolution
		Debug|Any CPU = Debug|Any CPU
		Release|Any CPU = Release|Any CPU
	EndGlobalSection
	GlobalSection(ProjectConfigurationPlatforms) = postSolution
		{30647344-5045-4935-B004-F5BA6D94F77A}.Debug|Any CPU.ActiveCfg = Debug|Any CPU
		{30647344-5045-4935-B004-F5BA6D94F77A}.Debug|Any CPU.Build.0 = Debug|Any CPU
		{30647344-5045-4935-B004-F5BA6D94F77A}.Release|Any CPU.ActiveCfg = Release|Any CPU
		{30647344-5045-4935-B004-F5BA6D94F77A}.Release|Any CPU.Build.0 = Release|Any CPU
	EndGlobalSection
	GlobalSection(SolutionProperties) = preSolution
		HideSolutionNode = FALSE
	EndGlobalSection
	GlobalSection(ExtensibilityGlobals) = postSolution
		SolutionGuid = {40CDAD55-B2B9-4FA1-B257-E4EA5DE89632}
	EndGlobalSection
EndGlobal
