
Microsoft Visual Studio Solution File, Format Version 12.00
# Visual Studio Version 16
VisualStudioVersion = 16.0.31424.327
MinimumVisualStudioVersion = 10.0.40219.1
Project("{FAE04EC0-301F-11D3-BF4B-00C04F79EFBC}") = "l4o8y2", "l4o8y2\l4o8y2.csproj", "{3E3885A4-3540-4C11-9AB5-B4A29474D87A}"
EndProject
Global
	GlobalSection(SolutionConfigurationPlatforms) = preSolution
		Debug|Any CPU = Debug|Any CPU
		Release|Any CPU = Release|Any CPU
	EndGlobalSection
	GlobalSection(ProjectConfigurationPlatforms) = postSolution
		{3E3885A4-3540-4C11-9AB5-B4A29474D87A}.Debug|Any CPU.ActiveCfg = Debug|Any CPU
		{3E3885A4-3540-4C11-9AB5-B4A29474D87A}.Debug|Any CPU.Build.0 = Debug|Any CPU
		{3E3885A4-3540-4C11-9AB5-B4A29474D87A}.Release|Any CPU.ActiveCfg = Release|Any CPU
		{3E3885A4-3540-4C11-9AB5-B4A29474D87A}.Release|Any CPU.Build.0 = Release|Any CPU
	EndGlobalSection
	GlobalSection(SolutionProperties) = preSolution
		HideSolutionNode = FALSE
	EndGlobalSection
	GlobalSection(ExtensibilityGlobals) = postSolution
		SolutionGuid = {C165DB2C-3517-477D-9867-C2FEA83A469B}
	EndGlobalSection
EndGlobal
